{
	"name": "pluto-syntax-highlighting",
	"version": "0.7.0",
	"lockfileVersion": 3,
	"requires": true,
	"packages": {
		"": {
			"name": "pluto-syntax-highlighting",
			"version": "0.7.0",
			"devDependencies": {
				"vscode-oniguruma": "^2.0.1",
				"vscode-textmate": "^9.2.0"
			},
			"engines": {
				"vscode": "^1.65.0"
			}
		},
		"node_modules/vscode-oniguruma": {
			"version": "2.0.1",
			"resolved": "https://registry.npmjs.org/vscode-oniguruma/-/vscode-oniguruma-2.0.1.tgz",
			"integrity": "sha512-poJU8iHIWnC3vgphJnrLZyI3YdqRlR27xzqDmpPXYzA93R4Gk8z7T6oqDzDoHjoikA2aS82crdXFkjELCdJsjQ==",
			"dev": true,
			"license": "MIT"
		},
		"node_modules/vscode-textmate": {
			"version": "9.2.0",
			"resolved": "https://registry.npmjs.org/vscode-textmate/-/vscode-textmate-9.2.0.tgz",
			"integrity": "sha512-rkvG4SraZQaPSN/5XjwKswdU0OP9MF28QjrYzUBbhb8QyG3ljB1Ky996m++jiI7KdiAP2CkBiQZd9pqEDTClqA==",
			"dev": true,
			"license": "MIT"
		}
	}
}
